
Microsoft Visual Studio Solution File, Format Version 12.00
# Visual Studio 2013
VisualStudioVersion = 12.0.21005.1
MinimumVisualStudioVersion = 10.0.40219.1
Project("{FAE04EC0-301F-11D3-BF4B-00C04F79EFBC}") = "ExtensiCalc", "ExtensiCalc\ExtensiCalc.csproj", "{74E762E7-906C-4AFB-A62B-69139E40F4E1}"
EndProject
Project("{FAE04EC0-301F-11D3-BF4B-00C04F79EFBC}") = "Extensibility", "Extensibility\Extensibility.csproj", "{7E492CC2-1BAC-4468-A593-5E6680A15AB5}"
EndProject
Project("{FAE04EC0-301F-11D3-BF4B-00C04F79EFBC}") = "Geomety", "Geomety\Geomety.csproj", "{A0EB61EA-630D-49E6-B267-2C2AA5646F4B}"
EndProject
Global
	GlobalSection(SolutionConfigurationPlatforms) = preSolution
		Debug|Any CPU = Debug|Any CPU
		Release|Any CPU = Release|Any CPU
	EndGlobalSection
	GlobalSection(ProjectConfigurationPlatforms) = postSolution
		{74E762E7-906C-4AFB-A62B-69139E40F4E1}.Debug|Any CPU.ActiveCfg = Debug|Any CPU
		{74E762E7-906C-4AFB-A62B-69139E40F4E1}.Debug|Any CPU.Build.0 = Debug|Any CPU
		{74E762E7-906C-4AFB-A62B-69139E40F4E1}.Release|Any CPU.ActiveCfg = Release|Any CPU
		{74E762E7-906C-4AFB-A62B-69139E40F4E1}.Release|Any CPU.Build.0 = Release|Any CPU
		{7E492CC2-1BAC-4468-A593-5E6680A15AB5}.Debug|Any CPU.ActiveCfg = Debug|Any CPU
		{7E492CC2-1BAC-4468-A593-5E6680A15AB5}.Debug|Any CPU.Build.0 = Debug|Any CPU
		{7E492CC2-1BAC-4468-A593-5E6680A15AB5}.Release|Any CPU.ActiveCfg = Release|Any CPU
		{7E492CC2-1BAC-4468-A593-5E6680A15AB5}.Release|Any CPU.Build.0 = Release|Any CPU
		{A0EB61EA-630D-49E6-B267-2C2AA5646F4B}.Debug|Any CPU.ActiveCfg = Debug|Any CPU
		{A0EB61EA-630D-49E6-B267-2C2AA5646F4B}.Debug|Any CPU.Build.0 = Debug|Any CPU
		{A0EB61EA-630D-49E6-B267-2C2AA5646F4B}.Release|Any CPU.ActiveCfg = Release|Any CPU
		{A0EB61EA-630D-49E6-B267-2C2AA5646F4B}.Release|Any CPU.Build.0 = Release|Any CPU
	EndGlobalSection
	GlobalSection(SolutionProperties) = preSolution
		HideSolutionNode = FALSE
	EndGlobalSection
EndGlobal
