
Microsoft Visual Studio Solution File, Format Version 11.00
# Visual Studio 2010
Project("{FAE04EC0-301F-11D3-BF4B-00C04F79EFBC}") = "AVLTree", "AVLTree\AVLTree.csproj", "{FC5DFE3A-A191-4407-A470-FB6EE13A9010}"
EndProject
Global
	GlobalSection(SolutionConfigurationPlatforms) = preSolution
		Debug|x86 = Debug|x86
		Release|x86 = Release|x86
	EndGlobalSection
	GlobalSection(ProjectConfigurationPlatforms) = postSolution
		{FC5DFE3A-A191-4407-A470-FB6EE13A9010}.Debug|x86.ActiveCfg = Debug|x86
		{FC5DFE3A-A191-4407-A470-FB6EE13A9010}.Debug|x86.Build.0 = Debug|x86
		{FC5DFE3A-A191-4407-A470-FB6EE13A9010}.Release|x86.ActiveCfg = Release|x86
		{FC5DFE3A-A191-4407-A470-FB6EE13A9010}.Release|x86.Build.0 = Release|x86
	EndGlobalSection
	GlobalSection(MonoDevelopProperties) = preSolution
		StartupItem = AVLTree\AVLTree.csproj
	EndGlobalSection
EndGlobal
